PODS:
  - IQKeyboardManagerSwift (7.1.1)
  - Realm (10.50.1):
    - Realm/Headers (= 10.50.1)
  - Realm/Headers (10.50.1)
  - RealmSwift (10.50.1):
    - Realm (= 10.50.1)

DEPENDENCIES:
  - IQKeyboardManagerSwift
  - RealmSwift

SPEC REPOS:
  trunk:
    - IQKeyboardManagerSwift
    - Realm
    - RealmSwift

SPEC CHECKSUMS:
  IQKeyboardManagerSwift: d7f3d3a562c237a0e7335e657cd598c452f57f1b
  Realm: 36bc9fe2681d7cf234aa487e7990821c772206a2
  RealmSwift: 84a370d3d4f191d327a9f8ade1f064a274f79847

PODFILE CHECKSUM: 7d62292087fb8bf0f75fa98db18c8a66bca8120b

COCOAPODS: 1.15.2
